// !$*UTF8*$!
{
	archiveVersion = 1;
	classes = {
	};
	objectVersion = 46;
	objects = {

/* Begin PBXBuildFile section */
		4B00E7DE1922B8ED0048742B /* Foundation.framework in Frameworks */ = {isa = PBXBuildFile; fileRef = 4B00E7DD1922B8ED0048742B /* Foundation.framework */; };
		4B00E7E01922B8ED0048742B /* CoreGraphics.framework in Frameworks */ = {isa = PBXBuildFile; fileRef = 4B00E7DF1922B8ED0048742B /* CoreGraphics.framework */; };
		4B00E7E21922B8ED0048742B /* UIKit.framework in Frameworks */ = {isa = PBXBuildFile; fileRef = 4B00E7E11922B8ED0048742B /* UIKit.framework */; };
		4B00E7F71922B8ED0048742B /* XCTest.framework in Frameworks */ = {isa = PBXBuildFile; fileRef = 4B00E7F61922B8ED0048742B /* XCTest.framework */; };
		4B00E7F81922B8ED0048742B /* Foundation.framework in Frameworks */ = {isa = PBXBuildFile; fileRef = 4B00E7DD1922B8ED0048742B /* Foundation.framework */; };
		4B00E7F91922B8ED0048742B /* UIKit.framework in Frameworks */ = {isa = PBXBuildFile; fileRef = 4B00E7E11922B8ED0048742B /* UIKit.framework */; };
		4B00E8011922B8ED0048742B /* InfoPlist.strings in Resources */ = {isa = PBXBuildFile; fileRef = 4B00E7FF1922B8ED0048742B /* InfoPlist.strings */; };
		4B00E8031922B8ED0048742B /* SBNumericPadTests.m in Sources */ = {isa = PBXBuildFile; fileRef = 4B00E8021922B8ED0048742B /* SBNumericPadTests.m */; };
		4B00E8151922BB320048742B /* InfoPlist.strings in Resources */ = {isa = PBXBuildFile; fileRef = 4B00E80D1922BB320048742B /* InfoPlist.strings */; };
		4B00E8161922BB320048742B /* Images.xcassets in Resources */ = {isa = PBXBuildFile; fileRef = 4B00E80F1922BB320048742B /* Images.xcassets */; };
		4B00E8171922BB320048742B /* main.m in Sources */ = {isa = PBXBuildFile; fileRef = 4B00E8101922BB320048742B /* main.m */; };
		4B00E8181922BB320048742B /* SBAppDelegate.m in Sources */ = {isa = PBXBuildFile; fileRef = 4B00E8121922BB320048742B /* SBAppDelegate.m */; };
		4B00E81D1922BBF40048742B /* SBTestViewController.m in Sources */ = {isa = PBXBuildFile; fileRef = 4B00E81C1922BBF40048742B /* SBTestViewController.m */; };
		4B00E8201922C9010048742B /* SBNumPadViewController.m in Sources */ = {isa = PBXBuildFile; fileRef = 4B00E81F1922C9010048742B /* SBNumPadViewController.m */; };
/* End PBXBuildFile section */

/* Begin PBXContainerItemProxy section */
		4B00E7FA1922B8ED0048742B /* PBXContainerItemProxy */ = {
			isa = PBXContainerItemProxy;
			containerPortal = 4B00E7D21922B8ED0048742B /* Project object */;
			proxyType = 1;
			remoteGlobalIDString = 4B00E7D91922B8ED0048742B;
			remoteInfo = SBNumericPad;
		};
/* End PBXContainerItemProxy section */

/* Begin PBXFileReference section */
		4B00E7DA1922B8ED0048742B /* SBNumericPadExamples.app */ = {isa = PBXFileReference; explicitFileType = wrapper.application; includeInIndex = 0; path = SBNumericPadExamples.app; sourceTree = BUILT_PRODUCTS_DIR; };
		4B00E7DD1922B8ED0048742B /* Foundation.framework */ = {isa = PBXFileReference; lastKnownFileType = wrapper.framework; name = Foundation.framework; path = System/Library/Frameworks/Foundation.framework; sourceTree = SDKROOT; };
		4B00E7DF1922B8ED0048742B /* CoreGraphics.framework */ = {isa = PBXFileReference; lastKnownFileType = wrapper.framework; name = CoreGraphics.framework; path = System/Library/Frameworks/CoreGraphics.framework; sourceTree = SDKROOT; };
		4B00E7E11922B8ED0048742B /* UIKit.framework */ = {isa = PBXFileReference; lastKnownFileType = wrapper.framework; name = UIKit.framework; path = System/Library/Frameworks/UIKit.framework; sourceTree = SDKROOT; };
		4B00E7F51922B8ED0048742B /* SBNumericPadExamplesTests.xctest */ = {isa = PBXFileReference; explicitFileType = wrapper.cfbundle; includeInIndex = 0; path = SBNumericPadExamplesTests.xctest; sourceTree = BUILT_PRODUCTS_DIR; };
		4B00E7F61922B8ED0048742B /* XCTest.framework */ = {isa = PBXFileReference; lastKnownFileType = wrapper.framework; name = XCTest.framework; path = Library/Frameworks/XCTest.framework; sourceTree = DEVELOPER_DIR; };
		4B00E7FE1922B8ED0048742B /* SBNumericPadExamplesTests-Info.plist */ = {isa = PBXFileReference; lastKnownFileType = text.plist.xml; path = "SBNumericPadExamplesTests-Info.plist"; sourceTree = "<group>"; };
		4B00E8001922B8ED0048742B /* en */ = {isa = PBXFileReference; lastKnownFileType = text.plist.strings; name = en; path = en.lproj/InfoPlist.strings; sourceTree = "<group>"; };
		4B00E8021922B8ED0048742B /* SBNumericPadTests.m */ = {isa = PBXFileReference; lastKnownFileType = sourcecode.c.objc; path = SBNumericPadTests.m; sourceTree = "<group>"; };
		4B00E80E1922BB320048742B /* en */ = {isa = PBXFileReference; lastKnownFileType = text.plist.strings; name = en; path = en.lproj/InfoPlist.strings; sourceTree = "<group>"; };
		4B00E80F1922BB320048742B /* Images.xcassets */ = {isa = PBXFileReference; lastKnownFileType = folder.assetcatalog; path = Images.xcassets; sourceTree = "<group>"; };
		4B00E8101922BB320048742B /* main.m */ = {isa = PBXFileReference; fileEncoding = 4; lastKnownFileType = sourcecode.c.objc; path = main.m; sourceTree = "<group>"; };
		4B00E8111922BB320048742B /* SBAppDelegate.h */ = {isa = PBXFileReference; fileEncoding = 4; lastKnownFileType = sourcecode.c.h; path = SBAppDelegate.h; sourceTree = "<group>"; };
		4B00E8121922BB320048742B /* SBAppDelegate.m */ = {isa = PBXFileReference; fileEncoding = 4; lastKnownFileType = sourcecode.c.objc; path = SBAppDelegate.m; sourceTree = "<group>"; };
		4B00E8131922BB320048742B /* SBNumericPadExamples-Info.plist */ = {isa = PBXFileReference; fileEncoding = 4; lastKnownFileType = text.plist.xml; path = "SBNumericPadExamples-Info.plist"; sourceTree = "<group>"; };
		4B00E8141922BB320048742B /* SBNumericPadExamples-Prefix.pch */ = {isa = PBXFileReference; fileEncoding = 4; lastKnownFileType = sourcecode.c.h; path = "SBNumericPadExamples-Prefix.pch"; sourceTree = "<group>"; };
		4B00E81B1922BBF40048742B /* SBTestViewController.h */ = {isa = PBXFileReference; fileEncoding = 4; lastKnownFileType = sourcecode.c.h; path = SBTestViewController.h; sourceTree = "<group>"; };
		4B00E81C1922BBF40048742B /* SBTestViewController.m */ = {isa = PBXFileReference; fileEncoding = 4; lastKnownFileType = sourcecode.c.objc; path = SBTestViewController.m; sourceTree = "<group>"; };
		4B00E81E1922C9010048742B /* SBNumPadViewController.h */ = {isa = PBXFileReference; fileEncoding = 4; lastKnownFileType = sourcecode.c.h; path = SBNumPadViewController.h; sourceTree = "<group>"; };
		4B00E81F1922C9010048742B /* SBNumPadViewController.m */ = {isa = PBXFileReference; fileEncoding = 4; lastKnownFileType = sourcecode.c.objc; path = SBNumPadViewController.m; sourceTree = "<group>"; };
/* End PBXFileReference section */

/* Begin PBXFrameworksBuildPhase section */
		4B00E7D71922B8ED0048742B /* Frameworks */ = {
			isa = PBXFrameworksBuildPhase;
			buildActionMask = 2147483647;
			files = (
				4B00E7E01922B8ED0048742B /* CoreGraphics.framework in Frameworks */,
				4B00E7E21922B8ED0048742B /* UIKit.framework in Frameworks */,
				4B00E7DE1922B8ED0048742B /* Foundation.framework in Frameworks */,
			);
			runOnlyForDeploymentPostprocessing = 0;
		};
		4B00E7F21922B8ED0048742B /* Frameworks */ = {
			isa = PBXFrameworksBuildPhase;
			buildActionMask = 2147483647;
			files = (
				4B00E7F71922B8ED0048742B /* XCTest.framework in Frameworks */,
				4B00E7F91922B8ED0048742B /* UIKit.framework in Frameworks */,
				4B00E7F81922B8ED0048742B /* Foundation.framework in Frameworks */,
			);
			runOnlyForDeploymentPostprocessing = 0;
		};
/* End PBXFrameworksBuildPhase section */

/* Begin PBXGroup section */
		4B00E7D11922B8ED0048742B = {
			isa = PBXGroup;
			children = (
				4B00E81A1922BBCF0048742B /* SBNumericPad */,
				4B00E80C1922BB320048742B /* SBNumericPadExamples */,
				4B00E7FC1922B8ED0048742B /* SBNumericPadTests */,
				4B00E7DC1922B8ED0048742B /* Frameworks */,
				4B00E7DB1922B8ED0048742B /* Products */,
			);
			sourceTree = "<group>";
		};
		4B00E7DB1922B8ED0048742B /* Products */ = {
			isa = PBXGroup;
			children = (
				4B00E7DA1922B8ED0048742B /* SBNumericPadExamples.app */,
				4B00E7F51922B8ED0048742B /* SBNumericPadExamplesTests.xctest */,
			);
			name = Products;
			sourceTree = "<group>";
		};
		4B00E7DC1922B8ED0048742B /* Frameworks */ = {
			isa = PBXGroup;
			children = (
				4B00E7DD1922B8ED0048742B /* Foundation.framework */,
				4B00E7DF1922B8ED0048742B /* CoreGraphics.framework */,
				4B00E7E11922B8ED0048742B /* UIKit.framework */,
				4B00E7F61922B8ED0048742B /* XCTest.framework */,
			);
			name = Frameworks;
			sourceTree = "<group>";
		};
		4B00E7FC1922B8ED0048742B /* SBNumericPadTests */ = {
			isa = PBXGroup;
			children = (
				4B00E8021922B8ED0048742B /* SBNumericPadTests.m */,
				4B00E7FD1922B8ED0048742B /* Supporting Files */,
			);
			path = SBNumericPadTests;
			sourceTree = "<group>";
		};
		4B00E7FD1922B8ED0048742B /* Supporting Files */ = {
			isa = PBXGroup;
			children = (
				4B00E7FE1922B8ED0048742B /* SBNumericPadExamplesTests-Info.plist */,
				4B00E7FF1922B8ED0048742B /* InfoPlist.strings */,
			);
			name = "Supporting Files";
			sourceTree = "<group>";
		};
		4B00E80C1922BB320048742B /* SBNumericPadExamples */ = {
			isa = PBXGroup;
			children = (
				4B00E80D1922BB320048742B /* InfoPlist.strings */,
				4B00E80F1922BB320048742B /* Images.xcassets */,
				4B00E8101922BB320048742B /* main.m */,
				4B00E8111922BB320048742B /* SBAppDelegate.h */,
				4B00E8121922BB320048742B /* SBAppDelegate.m */,
				4B00E8131922BB320048742B /* SBNumericPadExamples-Info.plist */,
				4B00E8141922BB320048742B /* SBNumericPadExamples-Prefix.pch */,
				4B00E81B1922BBF40048742B /* SBTestViewController.h */,
				4B00E81C1922BBF40048742B /* SBTestViewController.m */,
			);
			path = SBNumericPadExamples;
			sourceTree = "<group>";
		};
		4B00E81A1922BBCF0048742B /* SBNumericPad */ = {
			isa = PBXGroup;
			children = (
				4B00E81E1922C9010048742B /* SBNumPadViewController.h */,
				4B00E81F1922C9010048742B /* SBNumPadViewController.m */,
			);
			path = SBNumericPad;
			sourceTree = "<group>";
		};
/* End PBXGroup section */

/* Begin PBXNativeTarget section */
		4B00E7D91922B8ED0048742B /* SBNumericPadExamples */ = {
			isa = PBXNativeTarget;
			buildConfigurationList = 4B00E8061922B8EE0048742B /* Build configuration list for PBXNativeTarget "SBNumericPadExamples" */;
			buildPhases = (
				4B00E7D61922B8ED0048742B /* Sources */,
				4B00E7D71922B8ED0048742B /* Frameworks */,
				4B00E7D81922B8ED0048742B /* Resources */,
			);
			buildRules = (
			);
			dependencies = (
			);
			name = SBNumericPadExamples;
			productName = SBNumericPad;
			productReference = 4B00E7DA1922B8ED0048742B /* SBNumericPadExamples.app */;
			productType = "com.apple.product-type.application";
		};
		4B00E7F41922B8ED0048742B /* SBNumericPadExamplesTests */ = {
			isa = PBXNativeTarget;
			buildConfigurationList = 4B00E8091922B8EE0048742B /* Build configuration list for PBXNativeTarget "SBNumericPadExamplesTests" */;
			buildPhases = (
				4B00E7F11922B8ED0048742B /* Sources */,
				4B00E7F21922B8ED0048742B /* Frameworks */,
				4B00E7F31922B8ED0048742B /* Resources */,
			);
			buildRules = (
			);
			dependencies = (
				4B00E7FB1922B8ED0048742B /* PBXTargetDependency */,
			);
			name = SBNumericPadExamplesTests;
			productName = SBNumericPadTests;
			productReference = 4B00E7F51922B8ED0048742B /* SBNumericPadExamplesTests.xctest */;
			productType = "com.apple.product-type.bundle.unit-test";
		};
/* End PBXNativeTarget section */

/* Begin PBXProject section */
		4B00E7D21922B8ED0048742B /* Project object */ = {
			isa = PBXProject;
			attributes = {
				CLASSPREFIX = SB;
				LastUpgradeCheck = 0510;
				ORGANIZATIONNAME = "Bogdan Stasjuk";
				TargetAttributes = {
					4B00E7F41922B8ED0048742B = {
						TestTargetID = 4B00E7D91922B8ED0048742B;
					};
				};
			};
			buildConfigurationList = 4B00E7D51922B8ED0048742B /* Build configuration list for PBXProject "SBNumericPadExamples" */;
			compatibilityVersion = "Xcode 3.2";
			developmentRegion = English;
			hasScannedForEncodings = 0;
			knownRegions = (
				en,
			);
			mainGroup = 4B00E7D11922B8ED0048742B;
			productRefGroup = 4B00E7DB1922B8ED0048742B /* Products */;
			projectDirPath = "";
			projectRoot = "";
			targets = (
				4B00E7D91922B8ED0048742B /* SBNumericPadExamples */,
				4B00E7F41922B8ED0048742B /* SBNumericPadExamplesTests */,
			);
		};
/* End PBXProject section */

/* Begin PBXResourcesBuildPhase section */
		4B00E7D81922B8ED0048742B /* Resources */ = {
			isa = PBXResourcesBuildPhase;
			buildActionMask = 2147483647;
			files = (
				4B00E8151922BB320048742B /* InfoPlist.strings in Resources */,
				4B00E8161922BB320048742B /* Images.xcassets in Resources */,
			);
			runOnlyForDeploymentPostprocessing = 0;
		};
		4B00E7F31922B8ED0048742B /* Resources */ = {
			isa = PBXResourcesBuildPhase;
			buildActionMask = 2147483647;
			files = (
				4B00E8011922B8ED0048742B /* InfoPlist.strings in Resources */,
			);
			runOnlyForDeploymentPostprocessing = 0;
		};
/* End PBXResourcesBuildPhase section */

/* Begin PBXSourcesBuildPhase section */
		4B00E7D61922B8ED0048742B /* Sources */ = {
			isa = PBXSourcesBuildPhase;
			buildActionMask = 2147483647;
			files = (
				4B00E8201922C9010048742B /* SBNumPadViewController.m in Sources */,
				4B00E8171922BB320048742B /* main.m in Sources */,
				4B00E8181922BB320048742B /* SBAppDelegate.m in Sources */,
				4B00E81D1922BBF40048742B /* SBTestViewController.m in Sources */,
			);
			runOnlyForDeploymentPostprocessing = 0;
		};
		4B00E7F11922B8ED0048742B /* Sources */ = {
			isa = PBXSourcesBuildPhase;
			buildActionMask = 2147483647;
			files = (
				4B00E8031922B8ED0048742B /* SBNumericPadTests.m in Sources */,
			);
			runOnlyForDeploymentPostprocessing = 0;
		};
/* End PBXSourcesBuildPhase section */

/* Begin PBXTargetDependency section */
		4B00E7FB1922B8ED0048742B /* PBXTargetDependency */ = {
			isa = PBXTargetDependency;
			target = 4B00E7D91922B8ED0048742B /* SBNumericPadExamples */;
			targetProxy = 4B00E7FA1922B8ED0048742B /* PBXContainerItemProxy */;
		};
/* End PBXTargetDependency section */

/* Begin PBXVariantGroup section */
		4B00E7FF1922B8ED0048742B /* InfoPlist.strings */ = {
			isa = PBXVariantGroup;
			children = (
				4B00E8001922B8ED0048742B /* en */,
			);
			name = InfoPlist.strings;
			sourceTree = "<group>";
		};
		4B00E80D1922BB320048742B /* InfoPlist.strings */ = {
			isa = PBXVariantGroup;
			children = (
				4B00E80E1922BB320048742B /* en */,
			);
			name = InfoPlist.strings;
			sourceTree = "<group>";
		};
/* End PBXVariantGroup section */

/* Begin XCBuildConfiguration section */
		4B00E8041922B8ED0048742B /* Debug */ = {
			isa = XCBuildConfiguration;
			buildSettings = {
				ALWAYS_SEARCH_USER_PATHS = NO;
				CLANG_CXX_LANGUAGE_STANDARD = "gnu++0x";
				CLANG_CXX_LIBRARY = "libc++";
				CLANG_ENABLE_MODULES = YES;
				CLANG_ENABLE_OBJC_ARC = YES;
				CLANG_WARN_BOOL_CONVERSION = YES;
				CLANG_WARN_CONSTANT_CONVERSION = YES;
				CLANG_WARN_DIRECT_OBJC_ISA_USAGE = YES_ERROR;
				CLANG_WARN_EMPTY_BODY = YES;
				CLANG_WARN_ENUM_CONVERSION = YES;
				CLANG_WARN_INT_CONVERSION = YES;
				CLANG_WARN_OBJC_ROOT_CLASS = YES_ERROR;
				CLANG_WARN__DUPLICATE_METHOD_MATCH = YES;
				"CODE_SIGN_IDENTITY[sdk=iphoneos*]" = "iPhone Developer";
				COPY_PHASE_STRIP = NO;
				GCC_C_LANGUAGE_STANDARD = gnu99;
				GCC_DYNAMIC_NO_PIC = NO;
				GCC_OPTIMIZATION_LEVEL = 0;
				GCC_PREPROCESSOR_DEFINITIONS = (
					"DEBUG=1",
					"$(inherited)",
				);
				GCC_SYMBOLS_PRIVATE_EXTERN = NO;
				GCC_WARN_64_TO_32_BIT_CONVERSION = YES;
				GCC_WARN_ABOUT_RETURN_TYPE = YES_ERROR;
				GCC_WARN_UNDECLARED_SELECTOR = YES;
				GCC_WARN_UNINITIALIZED_AUTOS = YES_AGGRESSIVE;
				GCC_WARN_UNUSED_FUNCTION = YES;
				GCC_WARN_UNUSED_VARIABLE = YES;
				IPHONEOS_DEPLOYMENT_TARGET = 7.1;
				ONLY_ACTIVE_ARCH = YES;
				SDKROOT = iphoneos;
				TARGETED_DEVICE_FAMILY = 2;
			};
			name = Debug;
		};
		4B00E8051922B8ED0048742B /* Release */ = {
			isa = XCBuildConfiguration;
			buildSettings = {
				ALWAYS_SEARCH_USER_PATHS = NO;
				CLANG_CXX_LANGUAGE_STANDARD = "gnu++0x";
				CLANG_CXX_LIBRARY = "libc++";
				CLANG_ENABLE_MODULES = YES;
				CLANG_ENABLE_OBJC_ARC = YES;
				CLANG_WARN_BOOL_CONVERSION = YES;
				CLANG_WARN_CONSTANT_CONVERSION = YES;
				CLANG_WARN_DIRECT_OBJC_ISA_USAGE = YES_ERROR;
				CLANG_WARN_EMPTY_BODY = YES;
				CLANG_WARN_ENUM_CONVERSION = YES;
				CLANG_WARN_INT_CONVERSION = YES;
				CLANG_WARN_OBJC_ROOT_CLASS = YES_ERROR;
				CLANG_WARN__DUPLICATE_METHOD_MATCH = YES;
				"CODE_SIGN_IDENTITY[sdk=iphoneos*]" = "iPhone Developer";
				COPY_PHASE_STRIP = YES;
				ENABLE_NS_ASSERTIONS = NO;
				GCC_C_LANGUAGE_STANDARD = gnu99;
				GCC_WARN_64_TO_32_BIT_CONVERSION = YES;
				GCC_WARN_ABOUT_RETURN_TYPE = YES_ERROR;
				GCC_WARN_UNDECLARED_SELECTOR = YES;
				GCC_WARN_UNINITIALIZED_AUTOS = YES_AGGRESSIVE;
				GCC_WARN_UNUSED_FUNCTION = YES;
				GCC_WARN_UNUSED_VARIABLE = YES;
				IPHONEOS_DEPLOYMENT_TARGET = 7.1;
				SDKROOT = iphoneos;
				TARGETED_DEVICE_FAMILY = 2;
				VALIDATE_PRODUCT = YES;
			};
			name = Release;
		};
		4B00E8071922B8EE0048742B /* Debug */ = {
			isa = XCBuildConfiguration;
			buildSettings = {
				ASSETCATALOG_COMPILER_APPICON_NAME = AppIcon;
				ASSETCATALOG_COMPILER_LAUNCHIMAGE_NAME = LaunchImage;
				GCC_PRECOMPILE_PREFIX_HEADER = YES;
				GCC_PREFIX_HEADER = "SBNumericPadExamples/SBNumericPadExamples-Prefix.pch";
				INFOPLIST_FILE = "$(SRCROOT)/SBNumericPadExamples/SBNumericPadExamples-Info.plist";
				PRODUCT_NAME = SBNumericPadExamples;
				WRAPPER_EXTENSION = app;
			};
			name = Debug;
		};
		4B00E8081922B8EE0048742B /* Release */ = {
			isa = XCBuildConfiguration;
			buildSettings = {
				ASSETCATALOG_COMPILER_APPICON_NAME = AppIcon;
				ASSETCATALOG_COMPILER_LAUNCHIMAGE_NAME = LaunchImage;
				GCC_PRECOMPILE_PREFIX_HEADER = YES;
				GCC_PREFIX_HEADER = "SBNumericPadExamples/SBNumericPadExamples-Prefix.pch";
				INFOPLIST_FILE = "$(SRCROOT)/SBNumericPadExamples/SBNumericPadExamples-Info.plist";
				PRODUCT_NAME = SBNumericPadExamples;
				WRAPPER_EXTENSION = app;
			};
			name = Release;
		};
		4B00E80A1922B8EE0048742B /* Debug */ = {
			isa = XCBuildConfiguration;
			buildSettings = {
				BUNDLE_LOADER = "$(BUILT_PRODUCTS_DIR)/SBNumericPad.app/SBNumericPad";
				FRAMEWORK_SEARCH_PATHS = (
					"$(SDKROOT)/Developer/Library/Frameworks",
					"$(inherited)",
					"$(DEVELOPER_FRAMEWORKS_DIR)",
				);
				GCC_PRECOMPILE_PREFIX_HEADER = YES;
				GCC_PREFIX_HEADER = "SBNumericPad/SBNumericPad-Prefix.pch";
				GCC_PREPROCESSOR_DEFINITIONS = (
					"DEBUG=1",
					"$(inherited)",
				);
				INFOPLIST_FILE = "SBNumericPadTests/SBNumericPadExamplesTests-Info.plist";
				PRODUCT_NAME = SBNumericPadExamplesTests;
				TEST_HOST = "$(BUNDLE_LOADER)";
				WRAPPER_EXTENSION = xctest;
			};
			name = Debug;
		};
		4B00E80B1922B8EE0048742B /* Release */ = {
			isa = XCBuildConfiguration;
			buildSettings = {
				BUNDLE_LOADER = "$(BUILT_PRODUCTS_DIR)/SBNumericPad.app/SBNumericPad";
				FRAMEWORK_SEARCH_PATHS = (
					"$(SDKROOT)/Developer/Library/Frameworks",
					"$(inherited)",
					"$(DEVELOPER_FRAMEWORKS_DIR)",
				);
				GCC_PRECOMPILE_PREFIX_HEADER = YES;
				GCC_PREFIX_HEADER = "SBNumericPad/SBNumericPad-Prefix.pch";
				INFOPLIST_FILE = "SBNumericPadTests/SBNumericPadExamplesTests-Info.plist";
				PRODUCT_NAME = SBNumericPadExamplesTests;
				TEST_HOST = "$(BUNDLE_LOADER)";
				WRAPPER_EXTENSION = xctest;
			};
			name = Release;
		};
/* End XCBuildConfiguration section */

/* Begin XCConfigurationList section */
		4B00E7D51922B8ED0048742B /* Build configuration list for PBXProject "SBNumericPadExamples" */ = {
			isa = XCConfigurationList;
			buildConfigurations = (
				4B00E8041922B8ED0048742B /* Debug */,
				4B00E8051922B8ED0048742B /* Release */,
			);
			defaultConfigurationIsVisible = 0;
			defaultConfigurationName = Release;
		};
		4B00E8061922B8EE0048742B /* Build configuration list for PBXNativeTarget "SBNumericPadExamples" */ = {
			isa = XCConfigurationList;
			buildConfigurations = (
				4B00E8071922B8EE0048742B /* Debug */,
				4B00E8081922B8EE0048742B /* Release */,
			);
			defaultConfigurationIsVisible = 0;
		};
		4B00E8091922B8EE0048742B /* Build configuration list for PBXNativeTarget "SBNumericPadExamplesTests" */ = {
			isa = XCConfigurationList;
			buildConfigurations = (
				4B00E80A1922B8EE0048742B /* Debug */,
				4B00E80B1922B8EE0048742B /* Release */,
			);
			defaultConfigurationIsVisible = 0;
		};
/* End XCConfigurationList section */
	};
	rootObject = 4B00E7D21922B8ED0048742B /* Project object */;
}
